
Microsoft Visual Studio Solution File, Format Version 12.00
Project("{FAE04EC0-301F-11D3-BF4B-00C04F79EFBC}") = "csharp_cool", "csharp_cool.csproj", "{681C19CD-FB22-4669-9E96-5DD78781D7CF}"
EndProject
Global
	GlobalSection(SolutionConfigurationPlatforms) = preSolution
		Debug|Any CPU = Debug|Any CPU
		Release|Any CPU = Release|Any CPU
	EndGlobalSection
	GlobalSection(ProjectConfigurationPlatforms) = postSolution
		{681C19CD-FB22-4669-9E96-5DD78781D7CF}.Debug|Any CPU.ActiveCfg = Debug|Any CPU
		{681C19CD-FB22-4669-9E96-5DD78781D7CF}.Debug|Any CPU.Build.0 = Debug|Any CPU
		{681C19CD-FB22-4669-9E96-5DD78781D7CF}.Release|Any CPU.ActiveCfg = Release|Any CPU
		{681C19CD-FB22-4669-9E96-5DD78781D7CF}.Release|Any CPU.Build.0 = Release|Any CPU
	EndGlobalSection
EndGlobal
